
Microsoft Visual Studio Solution File, Format Version 12.00
# Visual Studio Version 16
VisualStudioVersion = 16.0.32602.291
MinimumVisualStudioVersion = 10.0.40219.1
Project("{FAE04EC0-301F-11D3-BF4B-00C04F79EFBC}") = "MVC in HTML", "MVC in HTML\MVC in HTML.csproj", "{3EBF3997-EC82-4DD0-8ABF-C538FC051ED9}"
EndProject
Project("{FAE04EC0-301F-11D3-BF4B-00C04F79EFBC}") = "Mvc", "Mvc\Mvc.csproj", "{9F0A4DDB-44EE-4C63-A3DD-651AA1ADDB56}"
EndProject
Global
	GlobalSection(SolutionConfigurationPlatforms) = preSolution
		Debug|Any CPU = Debug|Any CPU
		Release|Any CPU = Release|Any CPU
	EndGlobalSection
	GlobalSection(ProjectConfigurationPlatforms) = postSolution
		{3EBF3997-EC82-4DD0-8ABF-C538FC051ED9}.Debug|Any CPU.ActiveCfg = Debug|Any CPU
		{3EBF3997-EC82-4DD0-8ABF-C538FC051ED9}.Debug|Any CPU.Build.0 = Debug|Any CPU
		{3EBF3997-EC82-4DD0-8ABF-C538FC051ED9}.Release|Any CPU.ActiveCfg = Release|Any CPU
		{3EBF3997-EC82-4DD0-8ABF-C538FC051ED9}.Release|Any CPU.Build.0 = Release|Any CPU
		{9F0A4DDB-44EE-4C63-A3DD-651AA1ADDB56}.Debug|Any CPU.ActiveCfg = Debug|Any CPU
		{9F0A4DDB-44EE-4C63-A3DD-651AA1ADDB56}.Debug|Any CPU.Build.0 = Debug|Any CPU
		{9F0A4DDB-44EE-4C63-A3DD-651AA1ADDB56}.Release|Any CPU.ActiveCfg = Release|Any CPU
		{9F0A4DDB-44EE-4C63-A3DD-651AA1ADDB56}.Release|Any CPU.Build.0 = Release|Any CPU
	EndGlobalSection
	GlobalSection(SolutionProperties) = preSolution
		HideSolutionNode = FALSE
	EndGlobalSection
	GlobalSection(ExtensibilityGlobals) = postSolution
		SolutionGuid = {2853F1CE-626C-46AC-9D5C-521CF743F89F}
	EndGlobalSection
EndGlobal
